<?xml version="1.0" encoding="utf-8"?>
<Project ToolsVersion="4.0" xmlns="http://schemas.microsoft.com/developer/msbuild/2003">
  <ItemGroup>
    <ClInclude Include="pch.h" />
    <ClInclude Include="src\dx12\d3dApp.h">
      <Filter>src\dx12</Filter>
    </ClInclude>
    <ClInclude Include="src\dx12\d3dUtil.h">
      <Filter>src\dx12</Filter>
    </ClInclude>
    <ClInclude Include="src\dx12\d3dx12.h">
      <Filter>src\dx12</Filter>
    </ClInclude>
    <ClInclude Include="src\dx12\DDSTextureLoader.h">
      <Filter>src\dx12</Filter>
    </ClInclude>
    <ClInclude Include="src\dx12\GameTimer.h">
      <Filter>src\dx12</Filter>
    </ClInclude>
    <ClInclude Include="src\dx12\MathHelper.h">
      <Filter>src\dx12</Filter>
    </ClInclude>
    <ClInclude Include="src\Camera.h">
      <Filter>src</Filter>
    </ClInclude>
    <ClInclude Include="src\FrameResource.h">
      <Filter>src</Filter>
    </ClInclude>
    <ClInclude Include="src\GameApp.h">
      <Filter>src</Filter>
    </ClInclude>
    <ClInclude Include="src\GeometryGenerator.h">
      <Filter>src</Filter>
    </ClInclude>
    <ClInclude Include="src\RanderItem.h">
      <Filter>src</Filter>
    </ClInclude>
    <ClInclude Include="src\UploadBuffer.h">
      <Filter>src</Filter>
    </ClInclude>
    <ClInclude Include="DX12Engine.h" />
    <ClInclude Include="src\Descriptor.h">
      <Filter>src</Filter>
    </ClInclude>
    <ClInclude Include="World.h" />
    <ClInclude Include="GlobalVar.h" />
    <ClInclude Include="GameTimer.h" />
    <ClInclude Include="d3dUtil.h" />
    <ClInclude Include="d3dx12.h" />
    <ClInclude Include="DDSTextureLoader.h" />
    <ClInclude Include="MathHelper.h" />
    <ClInclude Include="Camera.h" />
    <ClInclude Include="UploadBuffer.h" />
    <ClInclude Include="GeometryGenerator.h" />
    <ClInclude Include="SLP.h" />
    <ClInclude Include="SLO.h" />
    <ClInclude Include="SLP2G.h" />
    <ClInclude Include="Pures.h" />
    <ClInclude Include="string_utils.h" />
  </ItemGroup>
  <ItemGroup>
    <ClCompile Include="pch.cpp" />
    <ClCompile Include="dllmain.cpp" />
    <ClCompile Include="src\dx12\d3dApp.cpp">
      <Filter>src\dx12</Filter>
    </ClCompile>
    <ClCompile Include="src\dx12\d3dUtil.cpp">
      <Filter>src\dx12</Filter>
    </ClCompile>
    <ClCompile Include="src\dx12\DDSTextureLoader.cpp">
      <Filter>src\dx12</Filter>
    </ClCompile>
    <ClCompile Include="src\dx12\GameTimer.cpp">
      <Filter>src\dx12</Filter>
    </ClCompile>
    <ClCompile Include="src\dx12\MathHelper.cpp">
      <Filter>src\dx12</Filter>
    </ClCompile>
    <ClCompile Include="src\Camera.cpp">
      <Filter>src</Filter>
    </ClCompile>
    <ClCompile Include="src\FrameResource.cpp">
      <Filter>src</Filter>
    </ClCompile>
    <ClCompile Include="src\GameApp.cpp">
      <Filter>src</Filter>
    </ClCompile>
    <ClCompile Include="src\GeometryGenerator.cpp">
      <Filter>src</Filter>
    </ClCompile>
    <ClCompile Include="DX12Engine.cpp" />
    <ClCompile Include="GameTimer.cpp" />
    <ClCompile Include="d3dUtil.cpp" />
    <ClCompile Include="DDSTextureLoader.cpp" />
    <ClCompile Include="MathHelper.cpp" />
    <ClCompile Include="Camera.cpp" />
    <ClCompile Include="GeometryGenerator.cpp" />
  </ItemGroup>
  <ItemGroup>
    <Filter Include="src">
      <UniqueIdentifier>{2151c079-c8c0-4c5e-a1cf-51b260911477}</UniqueIdentifier>
    </Filter>
    <Filter Include="src\dx12">
      <UniqueIdentifier>{26b17497-d1ab-459f-9291-e5d4313a9a30}</UniqueIdentifier>
    </Filter>
    <Filter Include="DX12E">
      <UniqueIdentifier>{55478194-fb15-4a33-acc2-45d34f054a8e}</UniqueIdentifier>
    </Filter>
  </ItemGroup>
</Project>