<?xml version="1.0" encoding="utf-8"?>
<Project ToolsVersion="4.0" xmlns="http://schemas.microsoft.com/developer/msbuild/2003">
  <ItemGroup>
    <ClInclude Include="DXGame.h" />
    <ClInclude Include="framework.h" />
    <ClInclude Include="Resource.h" />
    <ClInclude Include="targetver.h" />
    <ClInclude Include="Engine.h" />
    <ClInclude Include="GameTimer.h" />
    <ClInclude Include="config.h" />
  </ItemGroup>
  <ItemGroup>
    <ClCompile Include="DXGame.cpp" />
    <ClCompile Include="Engine.cpp" />
    <ClCompile Include="GameTimer.cpp" />
  </ItemGroup>
  <ItemGroup>
    <Filter Include="Shaders">
      <UniqueIdentifier>{036c96ed-257e-4441-92df-09a6d2b3029c}</UniqueIdentifier>
    </Filter>
  </ItemGroup>
  <ItemGroup>
    <FxCompile Include="Shaders\color.hlsl">
      <Filter>Shaders</Filter>
    </FxCompile>
  </ItemGroup>
</Project>